
Microsoft Visual Studio Solution File, Format Version 12.00
# Visual Studio Version 17
VisualStudioVersion = 17.14.36109.1 d17.14
MinimumVisualStudioVersion = 10.0.40219.1
Project("{FAE04EC0-301F-11D3-BF4B-00C04F79EFBC}") = "RPGClicker", "RPGClicker.csproj", "{CF10983C-1F78-474A-AE0F-97DA0B27C3CA}"
EndProject
Global
	GlobalSection(SolutionConfigurationPlatforms) = preSolution
		Debug|Any CPU = Debug|Any CPU
		Release|Any CPU = Release|Any CPU
	EndGlobalSection
	GlobalSection(ProjectConfigurationPlatforms) = postSolution
		{CF10983C-1F78-474A-AE0F-97DA0B27C3CA}.Debug|Any CPU.ActiveCfg = Debug|Any CPU
		{CF10983C-1F78-474A-AE0F-97DA0B27C3CA}.Debug|Any CPU.Build.0 = Debug|Any CPU
		{CF10983C-1F78-474A-AE0F-97DA0B27C3CA}.Release|Any CPU.ActiveCfg = Release|Any CPU
		{CF10983C-1F78-474A-AE0F-97DA0B27C3CA}.Release|Any CPU.Build.0 = Release|Any CPU
	EndGlobalSection
	GlobalSection(SolutionProperties) = preSolution
		HideSolutionNode = FALSE
	EndGlobalSection
	GlobalSection(ExtensibilityGlobals) = postSolution
		SolutionGuid = {822D4E02-4996-4CB6-9BBE-607EC9570FB0}
	EndGlobalSection
EndGlobal
